{
  "name": "com.cyclone-software.fbcallmonitor",
  "lockfileVersion": 3,
  "requires": true,
  "packages": {
    "": {
      "dependencies": {
        "fixture-stdout": "^0.2.1",
        "net-socket": "^1.1.0",
        "xml2js": "^0.6.2"
      }
    },
    "node_modules/delegates": {
      "version": "0.1.0",
      "resolved": "https://registry.npmjs.org/delegates/-/delegates-0.1.0.tgz",
      "integrity": "sha512-tPYr58xmVlUWcL8zPk6ZAxP6XqiYx5IIn395dkeER12JmMy8P6ipGKnUvgD++g8+uCaALfs/CRERixvKBu1pow==",
      "license": "MIT"
    },
    "node_modules/fixture-stdout": {
      "version": "0.2.1",
      "resolved": "https://registry.npmjs.org/fixture-stdout/-/fixture-stdout-0.2.1.tgz",
      "integrity": "sha512-3LdachdiUuTFiRIz/jAh+a3SdqDL7bFnejlgc+Pjk30ZNR7VhbIzC//YNaUCJ4OoPwZXLICOgtr3RyYurXJQ8Q==",
      "license": "MIT"
    },
    "node_modules/net-socket": {
      "version": "1.1.0",
      "resolved": "https://registry.npmjs.org/net-socket/-/net-socket-1.1.0.tgz",
      "integrity": "sha512-8MXF0P6vYNvn5fx6YJfYgwvHLryfGrLySZ/7CgCk9q6bUg7UD38XrvpAkP9vHoUhPoYaN2fk+0RidEAdBUmD8g==",
      "license": "WTFPL",
      "dependencies": {
        "delegates": "^0.1.0"
      }
    },
    "node_modules/sax": {
      "version": "1.4.1",
      "resolved": "https://registry.npmjs.org/sax/-/sax-1.4.1.tgz",
      "integrity": "sha512-+aWOz7yVScEGoKNd4PA10LZ8sk0A/z5+nXQG5giUO5rprX9jgYsTdov9qCchZiPIZezbZH+jRut8nPodFAX4Jg==",
      "license": "ISC"
    },
    "node_modules/xml2js": {
      "version": "0.6.2",
      "resolved": "https://registry.npmjs.org/xml2js/-/xml2js-0.6.2.tgz",
      "integrity": "sha512-T4rieHaC1EXcES0Kxxj4JWgaUQHDk+qwHcYOCFHfiwKz7tOVPLq7Hjq9dM1WCMhylqMEfP7hMcOIChvotiZegA==",
      "license": "MIT",
      "dependencies": {
        "sax": ">=0.6.0",
        "xmlbuilder": "~11.0.0"
      },
      "engines": {
        "node": ">=4.0.0"
      }
    },
    "node_modules/xmlbuilder": {
      "version": "11.0.1",
      "resolved": "https://registry.npmjs.org/xmlbuilder/-/xmlbuilder-11.0.1.tgz",
      "integrity": "sha512-fDlsI/kFEx7gLvbecc0/ohLG50fugQp8ryHzMTuW9vSa1GJ0XYWKnhsUx7oie3G98+r56aTQIUB4kht42R3JvA==",
      "license": "MIT",
      "engines": {
        "node": ">=4.0"
      }
    }
  }
}
